// !$*UTF8*$!
{
	archiveVersion = 1;
	classes = {
	};
	objectVersion = 50;
	objects = {

/* Begin PBXBuildFile section */
		C2DCF7ED248B4A1300D0F41A /* AppDelegate.swift in Sources */ = {isa = PBXBuildFile; fileRef = C2DCF7EC248B4A1300D0F41A /* AppDelegate.swift */; };
		C2DCF7EF248B4A1300D0F41A /* SceneDelegate.swift in Sources */ = {isa = PBXBuildFile; fileRef = C2DCF7EE248B4A1300D0F41A /* SceneDelegate.swift */; };
		C2DCF7F1248B4A1300D0F41A /* ContentView.swift in Sources */ = {isa = PBXBuildFile; fileRef = C2DCF7F0248B4A1300D0F41A /* ContentView.swift */; };
		C2DCF7F3248B4A1A00D0F41A /* Assets.xcassets in Resources */ = {isa = PBXBuildFile; fileRef = C2DCF7F2248B4A1A00D0F41A /* Assets.xcassets */; };
		C2DCF7F6248B4A1A00D0F41A /* Preview Assets.xcassets in Resources */ = {isa = PBXBuildFile; fileRef = C2DCF7F5248B4A1A00D0F41A /* Preview Assets.xcassets */; };
		C2DCF7F9248B4A1A00D0F41A /* LaunchScreen.storyboard in Resources */ = {isa = PBXBuildFile; fileRef = C2DCF7F7248B4A1A00D0F41A /* LaunchScreen.storyboard */; };
		C2DCF801248B4E2400D0F41A /* GreatVibes-Regular.ttf in Resources */ = {isa = PBXBuildFile; fileRef = C2DCF800248B4E2400D0F41A /* GreatVibes-Regular.ttf */; };
/* End PBXBuildFile section */

/* Begin PBXFileReference section */
		C2DCF7E9248B4A1300D0F41A /* Dice Swift UI.app */ = {isa = PBXFileReference; explicitFileType = wrapper.application; includeInIndex = 0; path = "Dice Swift UI.app"; sourceTree = BUILT_PRODUCTS_DIR; };
		C2DCF7EC248B4A1300D0F41A /* AppDelegate.swift */ = {isa = PBXFileReference; lastKnownFileType = sourcecode.swift; path = AppDelegate.swift; sourceTree = "<group>"; };
		C2DCF7EE248B4A1300D0F41A /* SceneDelegate.swift */ = {isa = PBXFileReference; lastKnownFileType = sourcecode.swift; path = SceneDelegate.swift; sourceTree = "<group>"; };
		C2DCF7F0248B4A1300D0F41A /* ContentView.swift */ = {isa = PBXFileReference; lastKnownFileType = sourcecode.swift; path = ContentView.swift; sourceTree = "<group>"; };
		C2DCF7F2248B4A1A00D0F41A /* Assets.xcassets */ = {isa = PBXFileReference; lastKnownFileType = folder.assetcatalog; path = Assets.xcassets; sourceTree = "<group>"; };
		C2DCF7F5248B4A1A00D0F41A /* Preview Assets.xcassets */ = {isa = PBXFileReference; lastKnownFileType = folder.assetcatalog; path = "Preview Assets.xcassets"; sourceTree = "<group>"; };
		C2DCF7F8248B4A1A00D0F41A /* Base */ = {isa = PBXFileReference; lastKnownFileType = file.storyboard; name = Base; path = Base.lproj/LaunchScreen.storyboard; sourceTree = "<group>"; };
		C2DCF7FA248B4A1A00D0F41A /* Info.plist */ = {isa = PBXFileReference; lastKnownFileType = text.plist.xml; path = Info.plist; sourceTree = "<group>"; };
		C2DCF800248B4E2400D0F41A /* GreatVibes-Regular.ttf */ = {isa = PBXFileReference; lastKnownFileType = file; path = "GreatVibes-Regular.ttf"; sourceTree = "<group>"; };
/* End PBXFileReference section */

/* Begin PBXFrameworksBuildPhase section */
		C2DCF7E6248B4A1300D0F41A /* Frameworks */ = {
			isa = PBXFrameworksBuildPhase;
			buildActionMask = 2147483647;
			files = (
			);
			runOnlyForDeploymentPostprocessing = 0;
		};
/* End PBXFrameworksBuildPhase section */

/* Begin PBXGroup section */
		C2DCF7E0248B4A1300D0F41A = {
			isa = PBXGroup;
			children = (
				C2DCF7EB248B4A1300D0F41A /* Dice Swift UI */,
				C2DCF7EA248B4A1300D0F41A /* Products */,
			);
			sourceTree = "<group>";
		};
		C2DCF7EA248B4A1300D0F41A /* Products */ = {
			isa = PBXGroup;
			children = (
				C2DCF7E9248B4A1300D0F41A /* Dice Swift UI.app */,
			);
			name = Products;
			sourceTree = "<group>";
		};
		C2DCF7EB248B4A1300D0F41A /* Dice Swift UI */ = {
			isa = PBXGroup;
			children = (
				C2DCF802248B4E2900D0F41A /* Font */,
				C2DCF7EC248B4A1300D0F41A /* AppDelegate.swift */,
				C2DCF7EE248B4A1300D0F41A /* SceneDelegate.swift */,
				C2DCF7F0248B4A1300D0F41A /* ContentView.swift */,
				C2DCF7F2248B4A1A00D0F41A /* Assets.xcassets */,
				C2DCF7F7248B4A1A00D0F41A /* LaunchScreen.storyboard */,
				C2DCF7FA248B4A1A00D0F41A /* Info.plist */,
				C2DCF7F4248B4A1A00D0F41A /* Preview Content */,
			);
			path = "Dice Swift UI";
			sourceTree = "<group>";
		};
		C2DCF7F4248B4A1A00D0F41A /* Preview Content */ = {
			isa = PBXGroup;
			children = (
				C2DCF7F5248B4A1A00D0F41A /* Preview Assets.xcassets */,
			);
			path = "Preview Content";
			sourceTree = "<group>";
		};
		C2DCF802248B4E2900D0F41A /* Font */ = {
			isa = PBXGroup;
			children = (
				C2DCF800248B4E2400D0F41A /* GreatVibes-Regular.ttf */,
			);
			path = Font;
			sourceTree = "<group>";
		};
/* End PBXGroup section */

/* Begin PBXNativeTarget section */
		C2DCF7E8248B4A1300D0F41A /* Dice Swift UI */ = {
			isa = PBXNativeTarget;
			buildConfigurationList = C2DCF7FD248B4A1A00D0F41A /* Build configuration list for PBXNativeTarget "Dice Swift UI" */;
			buildPhases = (
				C2DCF7E5248B4A1300D0F41A /* Sources */,
				C2DCF7E6248B4A1300D0F41A /* Frameworks */,
				C2DCF7E7248B4A1300D0F41A /* Resources */,
			);
			buildRules = (
			);
			dependencies = (
			);
			name = "Dice Swift UI";
			productName = "Dice Swift UI";
			productReference = C2DCF7E9248B4A1300D0F41A /* Dice Swift UI.app */;
			productType = "com.apple.product-type.application";
		};
/* End PBXNativeTarget section */

/* Begin PBXProject section */
		C2DCF7E1248B4A1300D0F41A /* Project object */ = {
			isa = PBXProject;
			attributes = {
				LastSwiftUpdateCheck = 1130;
				LastUpgradeCheck = 1130;
				ORGANIZATIONNAME = Madhu;
				TargetAttributes = {
					C2DCF7E8248B4A1300D0F41A = {
						CreatedOnToolsVersion = 11.3.1;
					};
				};
			};
			buildConfigurationList = C2DCF7E4248B4A1300D0F41A /* Build configuration list for PBXProject "Dice Swift UI" */;
			compatibilityVersion = "Xcode 9.3";
			developmentRegion = en;
			hasScannedForEncodings = 0;
			knownRegions = (
				en,
				Base,
			);
			mainGroup = C2DCF7E0248B4A1300D0F41A;
			productRefGroup = C2DCF7EA248B4A1300D0F41A /* Products */;
			projectDirPath = "";
			projectRoot = "";
			targets = (
				C2DCF7E8248B4A1300D0F41A /* Dice Swift UI */,
			);
		};
/* End PBXProject section */

/* Begin PBXResourcesBuildPhase section */
		C2DCF7E7248B4A1300D0F41A /* Resources */ = {
			isa = PBXResourcesBuildPhase;
			buildActionMask = 2147483647;
			files = (
				C2DCF7F9248B4A1A00D0F41A /* LaunchScreen.storyboard in Resources */,
				C2DCF801248B4E2400D0F41A /* GreatVibes-Regular.ttf in Resources */,
				C2DCF7F6248B4A1A00D0F41A /* Preview Assets.xcassets in Resources */,
				C2DCF7F3248B4A1A00D0F41A /* Assets.xcassets in Resources */,
			);
			runOnlyForDeploymentPostprocessing = 0;
		};
/* End PBXResourcesBuildPhase section */

/* Begin PBXSourcesBuildPhase section */
		C2DCF7E5248B4A1300D0F41A /* Sources */ = {
			isa = PBXSourcesBuildPhase;
			buildActionMask = 2147483647;
			files = (
				C2DCF7ED248B4A1300D0F41A /* AppDelegate.swift in Sources */,
				C2DCF7EF248B4A1300D0F41A /* SceneDelegate.swift in Sources */,
				C2DCF7F1248B4A1300D0F41A /* ContentView.swift in Sources */,
			);
			runOnlyForDeploymentPostprocessing = 0;
		};
/* End PBXSourcesBuildPhase section */

/* Begin PBXVariantGroup section */
		C2DCF7F7248B4A1A00D0F41A /* LaunchScreen.storyboard */ = {
			isa = PBXVariantGroup;
			children = (
				C2DCF7F8248B4A1A00D0F41A /* Base */,
			);
			name = LaunchScreen.storyboard;
			sourceTree = "<group>";
		};
/* End PBXVariantGroup section */

/* Begin XCBuildConfiguration section */
		C2DCF7FB248B4A1A00D0F41A /* Debug */ = {
			isa = XCBuildConfiguration;
			buildSettings = {
				ALWAYS_SEARCH_USER_PATHS = NO;
				CLANG_ANALYZER_NONNULL = YES;
				CLANG_ANALYZER_NUMBER_OBJECT_CONVERSION = YES_AGGRESSIVE;
				CLANG_CXX_LANGUAGE_STANDARD = "gnu++14";
				CLANG_CXX_LIBRARY = "libc++";
				CLANG_ENABLE_MODULES = YES;
				CLANG_ENABLE_OBJC_ARC = YES;
				CLANG_ENABLE_OBJC_WEAK = YES;
				CLANG_WARN_BLOCK_CAPTURE_AUTORELEASING = YES;
				CLANG_WARN_BOOL_CONVERSION = YES;
				CLANG_WARN_COMMA = YES;
				CLANG_WARN_CONSTANT_CONVERSION = YES;
				CLANG_WARN_DEPRECATED_OBJC_IMPLEMENTATIONS = YES;
				CLANG_WARN_DIRECT_OBJC_ISA_USAGE = YES_ERROR;
				CLANG_WARN_DOCUMENTATION_COMMENTS = YES;
				CLANG_WARN_EMPTY_BODY = YES;
				CLANG_WARN_ENUM_CONVERSION = YES;
				CLANG_WARN_INFINITE_RECURSION = YES;
				CLANG_WARN_INT_CONVERSION = YES;
				CLANG_WARN_NON_LITERAL_NULL_CONVERSION = YES;
				CLANG_WARN_OBJC_IMPLICIT_RETAIN_SELF = YES;
				CLANG_WARN_OBJC_LITERAL_CONVERSION = YES;
				CLANG_WARN_OBJC_ROOT_CLASS = YES_ERROR;
				CLANG_WARN_RANGE_LOOP_ANALYSIS = YES;
				CLANG_WARN_STRICT_PROTOTYPES = YES;
				CLANG_WARN_SUSPICIOUS_MOVE = YES;
				CLANG_WARN_UNGUARDED_AVAILABILITY = YES_AGGRESSIVE;
				CLANG_WARN_UNREACHABLE_CODE = YES;
				CLANG_WARN__DUPLICATE_METHOD_MATCH = YES;
				COPY_PHASE_STRIP = NO;
				DEBUG_INFORMATION_FORMAT = dwarf;
				ENABLE_STRICT_OBJC_MSGSEND = YES;
				ENABLE_TESTABILITY = YES;
				GCC_C_LANGUAGE_STANDARD = gnu11;
				GCC_DYNAMIC_NO_PIC = NO;
				GCC_NO_COMMON_BLOCKS = YES;
				GCC_OPTIMIZATION_LEVEL = 0;
				GCC_PREPROCESSOR_DEFINITIONS = (
					"DEBUG=1",
					"$(inherited)",
				);
				GCC_WARN_64_TO_32_BIT_CONVERSION = YES;
				GCC_WARN_ABOUT_RETURN_TYPE = YES_ERROR;
				GCC_WARN_UNDECLARED_SELECTOR = YES;
				GCC_WARN_UNINITIALIZED_AUTOS = YES_AGGRESSIVE;
				GCC_WARN_UNUSED_FUNCTION = YES;
				GCC_WARN_UNUSED_VARIABLE = YES;
				IPHONEOS_DEPLOYMENT_TARGET = 13.2;
				MTL_ENABLE_DEBUG_INFO = INCLUDE_SOURCE;
				MTL_FAST_MATH = YES;
				ONLY_ACTIVE_ARCH = YES;
				SDKROOT = iphoneos;
				SWIFT_ACTIVE_COMPILATION_CONDITIONS = DEBUG;
				SWIFT_OPTIMIZATION_LEVEL = "-Onone";
			};
			name = Debug;
		};
		C2DCF7FC248B4A1A00D0F41A /* Release */ = {
			isa = XCBuildConfiguration;
			buildSettings = {
				ALWAYS_SEARCH_USER_PATHS = NO;
				CLANG_ANALYZER_NONNULL = YES;
				CLANG_ANALYZER_NUMBER_OBJECT_CONVERSION = YES_AGGRESSIVE;
				CLANG_CXX_LANGUAGE_STANDARD = "gnu++14";
				CLANG_CXX_LIBRARY = "libc++";
				CLANG_ENABLE_MODULES = YES;
				CLANG_ENABLE_OBJC_ARC = YES;
				CLANG_ENABLE_OBJC_WEAK = YES;
				CLANG_WARN_BLOCK_CAPTURE_AUTORELEASING = YES;
				CLANG_WARN_BOOL_CONVERSION = YES;
				CLANG_WARN_COMMA = YES;
				CLANG_WARN_CONSTANT_CONVERSION = YES;
				CLANG_WARN_DEPRECATED_OBJC_IMPLEMENTATIONS = YES;
				CLANG_WARN_DIRECT_OBJC_ISA_USAGE = YES_ERROR;
				CLANG_WARN_DOCUMENTATION_COMMENTS = YES;
				CLANG_WARN_EMPTY_BODY = YES;
				CLANG_WARN_ENUM_CONVERSION = YES;
				CLANG_WARN_INFINITE_RECURSION = YES;
				CLANG_WARN_INT_CONVERSION = YES;
				CLANG_WARN_NON_LITERAL_NULL_CONVERSION = YES;
				CLANG_WARN_OBJC_IMPLICIT_RETAIN_SELF = YES;
				CLANG_WARN_OBJC_LITERAL_CONVERSION = YES;
				CLANG_WARN_OBJC_ROOT_CLASS = YES_ERROR;
				CLANG_WARN_RANGE_LOOP_ANALYSIS = YES;
				CLANG_WARN_STRICT_PROTOTYPES = YES;
				CLANG_WARN_SUSPICIOUS_MOVE = YES;
				CLANG_WARN_UNGUARDED_AVAILABILITY = YES_AGGRESSIVE;
				CLANG_WARN_UNREACHABLE_CODE = YES;
				CLANG_WARN__DUPLICATE_METHOD_MATCH = YES;
				COPY_PHASE_STRIP = NO;
				DEBUG_INFORMATION_FORMAT = "dwarf-with-dsym";
				ENABLE_NS_ASSERTIONS = NO;
				ENABLE_STRICT_OBJC_MSGSEND = YES;
				GCC_C_LANGUAGE_STANDARD = gnu11;
				GCC_NO_COMMON_BLOCKS = YES;
				GCC_WARN_64_TO_32_BIT_CONVERSION = YES;
				GCC_WARN_ABOUT_RETURN_TYPE = YES_ERROR;
				GCC_WARN_UNDECLARED_SELECTOR = YES;
				GCC_WARN_UNINITIALIZED_AUTOS = YES_AGGRESSIVE;
				GCC_WARN_UNUSED_FUNCTION = YES;
				GCC_WARN_UNUSED_VARIABLE = YES;
				IPHONEOS_DEPLOYMENT_TARGET = 13.2;
				MTL_ENABLE_DEBUG_INFO = NO;
				MTL_FAST_MATH = YES;
				SDKROOT = iphoneos;
				SWIFT_COMPILATION_MODE = wholemodule;
				SWIFT_OPTIMIZATION_LEVEL = "-O";
				VALIDATE_PRODUCT = YES;
			};
			name = Release;
		};
		C2DCF7FE248B4A1A00D0F41A /* Debug */ = {
			isa = XCBuildConfiguration;
			buildSettings = {
				ASSETCATALOG_COMPILER_APPICON_NAME = AppIcon;
				CODE_SIGN_STYLE = Automatic;
				DEVELOPMENT_ASSET_PATHS = "\"Dice Swift UI/Preview Content\"";
				ENABLE_PREVIEWS = YES;
				INFOPLIST_FILE = "Dice Swift UI/Info.plist";
				LD_RUNPATH_SEARCH_PATHS = (
					"$(inherited)",
					"@executable_path/Frameworks",
				);
				PRODUCT_BUNDLE_IDENTIFIER = "com.madhu.Dice-Swift-UI";
				PRODUCT_NAME = "$(TARGET_NAME)";
				SWIFT_VERSION = 5.0;
				TARGETED_DEVICE_FAMILY = "1,2";
			};
			name = Debug;
		};
		C2DCF7FF248B4A1A00D0F41A /* Release */ = {
			isa = XCBuildConfiguration;
			buildSettings = {
				ASSETCATALOG_COMPILER_APPICON_NAME = AppIcon;
				CODE_SIGN_STYLE = Automatic;
				DEVELOPMENT_ASSET_PATHS = "\"Dice Swift UI/Preview Content\"";
				ENABLE_PREVIEWS = YES;
				INFOPLIST_FILE = "Dice Swift UI/Info.plist";
				LD_RUNPATH_SEARCH_PATHS = (
					"$(inherited)",
					"@executable_path/Frameworks",
				);
				PRODUCT_BUNDLE_IDENTIFIER = "com.madhu.Dice-Swift-UI";
				PRODUCT_NAME = "$(TARGET_NAME)";
				SWIFT_VERSION = 5.0;
				TARGETED_DEVICE_FAMILY = "1,2";
			};
			name = Release;
		};
/* End XCBuildConfiguration section */

/* Begin XCConfigurationList section */
		C2DCF7E4248B4A1300D0F41A /* Build configuration list for PBXProject "Dice Swift UI" */ = {
			isa = XCConfigurationList;
			buildConfigurations = (
				C2DCF7FB248B4A1A00D0F41A /* Debug */,
				C2DCF7FC248B4A1A00D0F41A /* Release */,
			);
			defaultConfigurationIsVisible = 0;
			defaultConfigurationName = Release;
		};
		C2DCF7FD248B4A1A00D0F41A /* Build configuration list for PBXNativeTarget "Dice Swift UI" */ = {
			isa = XCConfigurationList;
			buildConfigurations = (
				C2DCF7FE248B4A1A00D0F41A /* Debug */,
				C2DCF7FF248B4A1A00D0F41A /* Release */,
			);
			defaultConfigurationIsVisible = 0;
			defaultConfigurationName = Release;
		};
/* End XCConfigurationList section */
	};
	rootObject = C2DCF7E1248B4A1300D0F41A /* Project object */;
}
